
Microsoft Visual Studio Solution File, Format Version 12.00
# Visual Studio Version 17
VisualStudioVersion = 17.2.32616.157
MinimumVisualStudioVersion = 10.0.40219.1
Project("{9A19103F-16F7-4668-BE54-9A1E7A4F7556}") = "Tests", "Tests\Tests.csproj", "{1C777E61-9EE5-41AA-83D6-192DE5656E57}"
EndProject
Project("{9A19103F-16F7-4668-BE54-9A1E7A4F7556}") = "SpectralAveraging", "SpectralAveraging\SpectralAveraging.csproj", "{6ED42FF7-6ABB-438C-9BBF-5103FE4F1BDD}"
EndProject
Global
	GlobalSection(SolutionConfigurationPlatforms) = preSolution
		Debug|x64 = Debug|x64
		Release|x64 = Release|x64
	EndGlobalSection
	GlobalSection(ProjectConfigurationPlatforms) = postSolution
		{1C777E61-9EE5-41AA-83D6-192DE5656E57}.Debug|x64.ActiveCfg = Debug|x64
		{1C777E61-9EE5-41AA-83D6-192DE5656E57}.Debug|x64.Build.0 = Debug|x64
		{1C777E61-9EE5-41AA-83D6-192DE5656E57}.Release|x64.ActiveCfg = Release|x64
		{1C777E61-9EE5-41AA-83D6-192DE5656E57}.Release|x64.Build.0 = Release|x64
		{6ED42FF7-6ABB-438C-9BBF-5103FE4F1BDD}.Debug|x64.ActiveCfg = Debug|x64
		{6ED42FF7-6ABB-438C-9BBF-5103FE4F1BDD}.Debug|x64.Build.0 = Debug|x64
		{6ED42FF7-6ABB-438C-9BBF-5103FE4F1BDD}.Release|x64.ActiveCfg = Release|x64
		{6ED42FF7-6ABB-438C-9BBF-5103FE4F1BDD}.Release|x64.Build.0 = Release|x64
	EndGlobalSection
	GlobalSection(SolutionProperties) = preSolution
		HideSolutionNode = FALSE
	EndGlobalSection
	GlobalSection(ExtensibilityGlobals) = postSolution
		SolutionGuid = {7F0470B5-0BF8-46F9-B068-C24DE63DB89C}
	EndGlobalSection
EndGlobal
